{
  "object": {
    "pins": [
      {
        "package": "Stylobate",
        "repositoryURL": "https://github.com/jrtibbetts/Stylobate.git",
        "state": {
          "branch": null,
          "revision": "5bca445ae807b2028aa99bbf536a70f52027f454",
          "version": "0.33.1"
        }
      }
    ]
  },
  "version": 1
}
