{
  "object": {
    "pins": [
      {
        "package": "Stylobate",
        "repositoryURL": "https://github.com/jrtibbetts/Stylobate.git",
        "state": {
          "branch": "main",
          "revision": "2edc10c3699eafb7b8d953fadeb898968211da04",
          "version": null
        }
      }
    ]
  },
  "version": 1
}
