// !$*UTF8*$!
{
	archiveVersion = 1;
	classes = {
	};
	objectVersion = 52;
	objects = {

/* Begin PBXBuildFile section */
		963B40F828978978001B7C27 /* MockMediaPlayer.swift in Sources */ = {isa = PBXBuildFile; fileRef = 963B40D42897895B001B7C27 /* MockMediaPlayer.swift */; };
		963B40F928978978001B7C27 /* MediaLibrary.swift in Sources */ = {isa = PBXBuildFile; fileRef = 963B40D52897895B001B7C27 /* MediaLibrary.swift */; };
		963B40FA28978978001B7C27 /* MediaPlayerObservation.swift in Sources */ = {isa = PBXBuildFile; fileRef = 963B40D22897895B001B7C27 /* MediaPlayerObservation.swift */; };
		963B40FB28978978001B7C27 /* MediaPlayer.swift in Sources */ = {isa = PBXBuildFile; fileRef = 963B40D62897895B001B7C27 /* MediaPlayer.swift */; };
		963B40FC28978978001B7C27 /* MockMediaLibrary.swift in Sources */ = {isa = PBXBuildFile; fileRef = 963B40D32897895B001B7C27 /* MockMediaLibrary.swift */; };
		963B40FD28978983001B7C27 /* PlaylistExtensions.swift in Sources */ = {isa = PBXBuildFile; fileRef = 963B40E82897895B001B7C27 /* PlaylistExtensions.swift */; };
		963B40FE28978983001B7C27 /* Medi8PersistentContainer.swift in Sources */ = {isa = PBXBuildFile; fileRef = 963B40EA2897895B001B7C27 /* Medi8PersistentContainer.swift */; };
		963B40FF28978983001B7C27 /* Medi8Importer.swift in Sources */ = {isa = PBXBuildFile; fileRef = 963B40E22897895B001B7C27 /* Medi8Importer.swift */; };
		963B410028978983001B7C27 /* HasTitle.swift in Sources */ = {isa = PBXBuildFile; fileRef = 963B40E62897895B001B7C27 /* HasTitle.swift */; };
		963B410128978983001B7C27 /* SongExtensions.swift in Sources */ = {isa = PBXBuildFile; fileRef = 963B40E92897895B001B7C27 /* SongExtensions.swift */; };
		963B410228978983001B7C27 /* ReleaseVersionExtensions.swift in Sources */ = {isa = PBXBuildFile; fileRef = 963B40EB2897895B001B7C27 /* ReleaseVersionExtensions.swift */; };
		963B410328978983001B7C27 /* HasName.swift in Sources */ = {isa = PBXBuildFile; fileRef = 963B40E32897895B001B7C27 /* HasName.swift */; };
		963B410428978983001B7C27 /* ArtistExtensions.swift in Sources */ = {isa = PBXBuildFile; fileRef = 963B40E52897895B001B7C27 /* ArtistExtensions.swift */; };
		963B410528978983001B7C27 /* HasArtists.swift in Sources */ = {isa = PBXBuildFile; fileRef = 963B40E42897895B001B7C27 /* HasArtists.swift */; };
		963B410628978983001B7C27 /* MasterReleaseExtensions.swift in Sources */ = {isa = PBXBuildFile; fileRef = 963B40E72897895B001B7C27 /* MasterReleaseExtensions.swift */; };
		963B410728978988001B7C27 /* Medi8.xcdatamodeld in Sources */ = {isa = PBXBuildFile; fileRef = 963B40DC2897895B001B7C27 /* Medi8.xcdatamodeld */; };
		963B41082897898F001B7C27 /* MPMediaItemCollectionExtensions.swift in Sources */ = {isa = PBXBuildFile; fileRef = 963B40F02897895B001B7C27 /* MPMediaItemCollectionExtensions.swift */; };
		963B41092897898F001B7C27 /* MediaPlayerLibrary-iOS.swift in Sources */ = {isa = PBXBuildFile; fileRef = 963B40F12897895B001B7C27 /* MediaPlayerLibrary-iOS.swift */; };
		963B410A2897898F001B7C27 /* MPMusicPlayerControllerExtensions.swift in Sources */ = {isa = PBXBuildFile; fileRef = 963B40EF2897895B001B7C27 /* MPMusicPlayerControllerExtensions.swift */; };
		963B410B2897898F001B7C27 /* MPMediaPlayerObservation.swift in Sources */ = {isa = PBXBuildFile; fileRef = 963B40F22897895B001B7C27 /* MPMediaPlayerObservation.swift */; };
		963B410C2897898F001B7C27 /* MPMediaItemExtensions.swift in Sources */ = {isa = PBXBuildFile; fileRef = 963B40F32897895B001B7C27 /* MPMediaItemExtensions.swift */; };
		963B410D2897898F001B7C27 /* MediaPlayerImporter.swift in Sources */ = {isa = PBXBuildFile; fileRef = 963B40F42897895B001B7C27 /* MediaPlayerImporter.swift */; };
		963B410E28978992001B7C27 /* Song.swift in Sources */ = {isa = PBXBuildFile; fileRef = 963B40F62897895B001B7C27 /* Song.swift */; };
		963B410F28978995001B7C27 /* Medi8.swift in Sources */ = {isa = PBXBuildFile; fileRef = 963B40F72897895B001B7C27 /* Medi8.swift */; };
		963B4110289789A1001B7C27 /* MockMedi8ImporterTests.swift in Sources */ = {isa = PBXBuildFile; fileRef = 963B40CE2897895B001B7C27 /* MockMedi8ImporterTests.swift */; };
		963B4111289789A1001B7C27 /* MockMedi8Importer.swift in Sources */ = {isa = PBXBuildFile; fileRef = 963B40CD2897895B001B7C27 /* MockMedi8Importer.swift */; };
		963B4112289789A1001B7C27 /* MockData.swift in Sources */ = {isa = PBXBuildFile; fileRef = 963B40CB2897895B001B7C27 /* MockData.swift */; };
		963B4113289789A1001B7C27 /* FetchingTestBase.swift in Sources */ = {isa = PBXBuildFile; fileRef = 963B40CA2897895B001B7C27 /* FetchingTestBase.swift */; };
		963B4114289789A1001B7C27 /* Medi8Tests.swift in Sources */ = {isa = PBXBuildFile; fileRef = 963B40CF2897895B001B7C27 /* Medi8Tests.swift */; };
		963B4115289789A1001B7C27 /* MediaLibraryTests.swift in Sources */ = {isa = PBXBuildFile; fileRef = 963B40C82897895B001B7C27 /* MediaLibraryTests.swift */; };
		963B4116289789A1001B7C27 /* MockData.json in Resources */ = {isa = PBXBuildFile; fileRef = 963B40CC2897895B001B7C27 /* MockData.json */; };
		969EBF9825E89AD90008DE91 /* Stylobate in Frameworks */ = {isa = PBXBuildFile; productRef = 969EBF9725E89AD90008DE91 /* Stylobate */; };
		96ACFB182246DBE800C9F2AD /* Medi8.framework in Frameworks */ = {isa = PBXBuildFile; fileRef = 96ACFB0E2246DBE700C9F2AD /* Medi8.framework */; };
/* End PBXBuildFile section */

/* Begin PBXContainerItemProxy section */
		96ACFB192246DBE800C9F2AD /* PBXContainerItemProxy */ = {
			isa = PBXContainerItemProxy;
			containerPortal = 96ACFB052246DBE700C9F2AD /* Project object */;
			proxyType = 1;
			remoteGlobalIDString = 96ACFB0D2246DBE700C9F2AD;
			remoteInfo = Medi8;
		};
/* End PBXContainerItemProxy section */

/* Begin PBXCopyFilesBuildPhase section */
		961366A925DB8FEA009A1627 /* Embed Frameworks */ = {
			isa = PBXCopyFilesBuildPhase;
			buildActionMask = 2147483647;
			dstPath = "";
			dstSubfolderSpec = 10;
			files = (
			);
			name = "Embed Frameworks";
			runOnlyForDeploymentPostprocessing = 0;
		};
/* End PBXCopyFilesBuildPhase section */

/* Begin PBXFileReference section */
		963B40C82897895B001B7C27 /* MediaLibraryTests.swift */ = {isa = PBXFileReference; lastKnownFileType = sourcecode.swift; path = MediaLibraryTests.swift; sourceTree = "<group>"; };
		963B40CA2897895B001B7C27 /* FetchingTestBase.swift */ = {isa = PBXFileReference; lastKnownFileType = sourcecode.swift; path = FetchingTestBase.swift; sourceTree = "<group>"; };
		963B40CB2897895B001B7C27 /* MockData.swift */ = {isa = PBXFileReference; lastKnownFileType = sourcecode.swift; path = MockData.swift; sourceTree = "<group>"; };
		963B40CC2897895B001B7C27 /* MockData.json */ = {isa = PBXFileReference; lastKnownFileType = text.json; path = MockData.json; sourceTree = "<group>"; };
		963B40CD2897895B001B7C27 /* MockMedi8Importer.swift */ = {isa = PBXFileReference; lastKnownFileType = sourcecode.swift; path = MockMedi8Importer.swift; sourceTree = "<group>"; };
		963B40CE2897895B001B7C27 /* MockMedi8ImporterTests.swift */ = {isa = PBXFileReference; lastKnownFileType = sourcecode.swift; path = MockMedi8ImporterTests.swift; sourceTree = "<group>"; };
		963B40CF2897895B001B7C27 /* Medi8Tests.swift */ = {isa = PBXFileReference; lastKnownFileType = sourcecode.swift; path = Medi8Tests.swift; sourceTree = "<group>"; };
		963B40D22897895B001B7C27 /* MediaPlayerObservation.swift */ = {isa = PBXFileReference; lastKnownFileType = sourcecode.swift; path = MediaPlayerObservation.swift; sourceTree = "<group>"; };
		963B40D32897895B001B7C27 /* MockMediaLibrary.swift */ = {isa = PBXFileReference; lastKnownFileType = sourcecode.swift; path = MockMediaLibrary.swift; sourceTree = "<group>"; };
		963B40D42897895B001B7C27 /* MockMediaPlayer.swift */ = {isa = PBXFileReference; lastKnownFileType = sourcecode.swift; path = MockMediaPlayer.swift; sourceTree = "<group>"; };
		963B40D52897895B001B7C27 /* MediaLibrary.swift */ = {isa = PBXFileReference; lastKnownFileType = sourcecode.swift; path = MediaLibrary.swift; sourceTree = "<group>"; };
		963B40D62897895B001B7C27 /* MediaPlayer.swift */ = {isa = PBXFileReference; lastKnownFileType = sourcecode.swift; path = MediaPlayer.swift; sourceTree = "<group>"; };
		963B40D92897895B001B7C27 /* MediaPlayerLibrary-macOS.swift */ = {isa = PBXFileReference; lastKnownFileType = sourcecode.swift; path = "MediaPlayerLibrary-macOS.swift"; sourceTree = "<group>"; };
		963B40DA2897895B001B7C27 /* macOS.entitlements */ = {isa = PBXFileReference; lastKnownFileType = text.plist.entitlements; path = macOS.entitlements; sourceTree = "<group>"; };
		963B40DD2897895B001B7C27 /* Immediate.xcdatamodel */ = {isa = PBXFileReference; lastKnownFileType = wrapper.xcdatamodel; path = Immediate.xcdatamodel; sourceTree = "<group>"; };
		963B40DE2897895B001B7C27 /* string mediaIds.xcdatamodel */ = {isa = PBXFileReference; lastKnownFileType = wrapper.xcdatamodel; path = "string mediaIds.xcdatamodel"; sourceTree = "<group>"; };
		963B40DF2897895B001B7C27 /* MergedFromCloisimis.xcdatamodel */ = {isa = PBXFileReference; lastKnownFileType = wrapper.xcdatamodel; path = MergedFromCloisimis.xcdatamodel; sourceTree = "<group>"; };
		963B40E02897895B001B7C27 /* Immediate 2.xcdatamodel */ = {isa = PBXFileReference; lastKnownFileType = wrapper.xcdatamodel; path = "Immediate 2.xcdatamodel"; sourceTree = "<group>"; };
		963B40E12897895B001B7C27 /* Medi8.xcdatamodel */ = {isa = PBXFileReference; lastKnownFileType = wrapper.xcdatamodel; path = Medi8.xcdatamodel; sourceTree = "<group>"; };
		963B40E22897895B001B7C27 /* Medi8Importer.swift */ = {isa = PBXFileReference; lastKnownFileType = sourcecode.swift; path = Medi8Importer.swift; sourceTree = "<group>"; };
		963B40E32897895B001B7C27 /* HasName.swift */ = {isa = PBXFileReference; lastKnownFileType = sourcecode.swift; path = HasName.swift; sourceTree = "<group>"; };
		963B40E42897895B001B7C27 /* HasArtists.swift */ = {isa = PBXFileReference; lastKnownFileType = sourcecode.swift; path = HasArtists.swift; sourceTree = "<group>"; };
		963B40E52897895B001B7C27 /* ArtistExtensions.swift */ = {isa = PBXFileReference; lastKnownFileType = sourcecode.swift; path = ArtistExtensions.swift; sourceTree = "<group>"; };
		963B40E62897895B001B7C27 /* HasTitle.swift */ = {isa = PBXFileReference; lastKnownFileType = sourcecode.swift; path = HasTitle.swift; sourceTree = "<group>"; };
		963B40E72897895B001B7C27 /* MasterReleaseExtensions.swift */ = {isa = PBXFileReference; lastKnownFileType = sourcecode.swift; path = MasterReleaseExtensions.swift; sourceTree = "<group>"; };
		963B40E82897895B001B7C27 /* PlaylistExtensions.swift */ = {isa = PBXFileReference; lastKnownFileType = sourcecode.swift; path = PlaylistExtensions.swift; sourceTree = "<group>"; };
		963B40E92897895B001B7C27 /* SongExtensions.swift */ = {isa = PBXFileReference; lastKnownFileType = sourcecode.swift; path = SongExtensions.swift; sourceTree = "<group>"; };
		963B40EA2897895B001B7C27 /* Medi8PersistentContainer.swift */ = {isa = PBXFileReference; lastKnownFileType = sourcecode.swift; path = Medi8PersistentContainer.swift; sourceTree = "<group>"; };
		963B40EB2897895B001B7C27 /* ReleaseVersionExtensions.swift */ = {isa = PBXFileReference; lastKnownFileType = sourcecode.swift; path = ReleaseVersionExtensions.swift; sourceTree = "<group>"; };
		963B40EC2897895B001B7C27 /* Medi8.h */ = {isa = PBXFileReference; lastKnownFileType = sourcecode.c.h; path = Medi8.h; sourceTree = "<group>"; };
		963B40EF2897895B001B7C27 /* MPMusicPlayerControllerExtensions.swift */ = {isa = PBXFileReference; lastKnownFileType = sourcecode.swift; path = MPMusicPlayerControllerExtensions.swift; sourceTree = "<group>"; };
		963B40F02897895B001B7C27 /* MPMediaItemCollectionExtensions.swift */ = {isa = PBXFileReference; lastKnownFileType = sourcecode.swift; path = MPMediaItemCollectionExtensions.swift; sourceTree = "<group>"; };
		963B40F12897895B001B7C27 /* MediaPlayerLibrary-iOS.swift */ = {isa = PBXFileReference; lastKnownFileType = sourcecode.swift; path = "MediaPlayerLibrary-iOS.swift"; sourceTree = "<group>"; };
		963B40F22897895B001B7C27 /* MPMediaPlayerObservation.swift */ = {isa = PBXFileReference; lastKnownFileType = sourcecode.swift; path = MPMediaPlayerObservation.swift; sourceTree = "<group>"; };
		963B40F32897895B001B7C27 /* MPMediaItemExtensions.swift */ = {isa = PBXFileReference; lastKnownFileType = sourcecode.swift; path = MPMediaItemExtensions.swift; sourceTree = "<group>"; };
		963B40F42897895B001B7C27 /* MediaPlayerImporter.swift */ = {isa = PBXFileReference; lastKnownFileType = sourcecode.swift; path = MediaPlayerImporter.swift; sourceTree = "<group>"; };
		963B40F62897895B001B7C27 /* Song.swift */ = {isa = PBXFileReference; lastKnownFileType = sourcecode.swift; path = Song.swift; sourceTree = "<group>"; };
		963B40F72897895B001B7C27 /* Medi8.swift */ = {isa = PBXFileReference; lastKnownFileType = sourcecode.swift; path = Medi8.swift; sourceTree = "<group>"; };
		9659768C23BED63000FD3B98 /* README.md */ = {isa = PBXFileReference; lastKnownFileType = net.daringfireball.markdown; path = README.md; sourceTree = "<group>"; };
		96ACFB0E2246DBE700C9F2AD /* Medi8.framework */ = {isa = PBXFileReference; explicitFileType = wrapper.framework; includeInIndex = 0; path = Medi8.framework; sourceTree = BUILT_PRODUCTS_DIR; };
		96ACFB172246DBE800C9F2AD /* Medi8Tests.xctest */ = {isa = PBXFileReference; explicitFileType = wrapper.cfbundle; includeInIndex = 0; path = Medi8Tests.xctest; sourceTree = BUILT_PRODUCTS_DIR; };
/* End PBXFileReference section */

/* Begin PBXFrameworksBuildPhase section */
		96ACFB0B2246DBE700C9F2AD /* Frameworks */ = {
			isa = PBXFrameworksBuildPhase;
			buildActionMask = 2147483647;
			files = (
				969EBF9825E89AD90008DE91 /* Stylobate in Frameworks */,
			);
			runOnlyForDeploymentPostprocessing = 0;
		};
		96ACFB142246DBE800C9F2AD /* Frameworks */ = {
			isa = PBXFrameworksBuildPhase;
			buildActionMask = 2147483647;
			files = (
				96ACFB182246DBE800C9F2AD /* Medi8.framework in Frameworks */,
			);
			runOnlyForDeploymentPostprocessing = 0;
		};
/* End PBXFrameworksBuildPhase section */

/* Begin PBXGroup section */
		963B40C62897895B001B7C27 /* Tests */ = {
			isa = PBXGroup;
			children = (
				963B40C72897895B001B7C27 /* MediaPlayer */,
				963B40C92897895B001B7C27 /* Core Data */,
				963B40CF2897895B001B7C27 /* Medi8Tests.swift */,
			);
			path = Tests;
			sourceTree = "<group>";
		};
		963B40C72897895B001B7C27 /* MediaPlayer */ = {
			isa = PBXGroup;
			children = (
				963B40C82897895B001B7C27 /* MediaLibraryTests.swift */,
			);
			path = MediaPlayer;
			sourceTree = "<group>";
		};
		963B40C92897895B001B7C27 /* Core Data */ = {
			isa = PBXGroup;
			children = (
				963B40CA2897895B001B7C27 /* FetchingTestBase.swift */,
				963B40CB2897895B001B7C27 /* MockData.swift */,
				963B40CC2897895B001B7C27 /* MockData.json */,
				963B40CD2897895B001B7C27 /* MockMedi8Importer.swift */,
				963B40CE2897895B001B7C27 /* MockMedi8ImporterTests.swift */,
			);
			path = "Core Data";
			sourceTree = "<group>";
		};
		963B40D02897895B001B7C27 /* Sources */ = {
			isa = PBXGroup;
			children = (
				963B40D12897895B001B7C27 /* MediaPlayer */,
				963B40D72897895B001B7C27 /* macOS */,
				963B40DB2897895B001B7C27 /* Core Data */,
				963B40EC2897895B001B7C27 /* Medi8.h */,
				963B40ED2897895B001B7C27 /* iOS */,
				963B40F52897895B001B7C27 /* Model */,
				963B40F72897895B001B7C27 /* Medi8.swift */,
			);
			path = Sources;
			sourceTree = "<group>";
		};
		963B40D12897895B001B7C27 /* MediaPlayer */ = {
			isa = PBXGroup;
			children = (
				963B40D22897895B001B7C27 /* MediaPlayerObservation.swift */,
				963B40D32897895B001B7C27 /* MockMediaLibrary.swift */,
				963B40D42897895B001B7C27 /* MockMediaPlayer.swift */,
				963B40D52897895B001B7C27 /* MediaLibrary.swift */,
				963B40D62897895B001B7C27 /* MediaPlayer.swift */,
			);
			path = MediaPlayer;
			sourceTree = "<group>";
		};
		963B40D72897895B001B7C27 /* macOS */ = {
			isa = PBXGroup;
			children = (
				963B40D82897895B001B7C27 /* MediaPlayer */,
				963B40DA2897895B001B7C27 /* macOS.entitlements */,
			);
			path = macOS;
			sourceTree = "<group>";
		};
		963B40D82897895B001B7C27 /* MediaPlayer */ = {
			isa = PBXGroup;
			children = (
				963B40D92897895B001B7C27 /* MediaPlayerLibrary-macOS.swift */,
			);
			path = MediaPlayer;
			sourceTree = "<group>";
		};
		963B40DB2897895B001B7C27 /* Core Data */ = {
			isa = PBXGroup;
			children = (
				963B40DC2897895B001B7C27 /* Medi8.xcdatamodeld */,
				963B40E22897895B001B7C27 /* Medi8Importer.swift */,
				963B40E32897895B001B7C27 /* HasName.swift */,
				963B40E42897895B001B7C27 /* HasArtists.swift */,
				963B40E52897895B001B7C27 /* ArtistExtensions.swift */,
				963B40E62897895B001B7C27 /* HasTitle.swift */,
				963B40E72897895B001B7C27 /* MasterReleaseExtensions.swift */,
				963B40E82897895B001B7C27 /* PlaylistExtensions.swift */,
				963B40E92897895B001B7C27 /* SongExtensions.swift */,
				963B40EA2897895B001B7C27 /* Medi8PersistentContainer.swift */,
				963B40EB2897895B001B7C27 /* ReleaseVersionExtensions.swift */,
			);
			path = "Core Data";
			sourceTree = "<group>";
		};
		963B40ED2897895B001B7C27 /* iOS */ = {
			isa = PBXGroup;
			children = (
				963B40EE2897895B001B7C27 /* MediaPlayer */,
			);
			path = iOS;
			sourceTree = "<group>";
		};
		963B40EE2897895B001B7C27 /* MediaPlayer */ = {
			isa = PBXGroup;
			children = (
				963B40EF2897895B001B7C27 /* MPMusicPlayerControllerExtensions.swift */,
				963B40F02897895B001B7C27 /* MPMediaItemCollectionExtensions.swift */,
				963B40F12897895B001B7C27 /* MediaPlayerLibrary-iOS.swift */,
				963B40F22897895B001B7C27 /* MPMediaPlayerObservation.swift */,
				963B40F32897895B001B7C27 /* MPMediaItemExtensions.swift */,
				963B40F42897895B001B7C27 /* MediaPlayerImporter.swift */,
			);
			path = MediaPlayer;
			sourceTree = "<group>";
		};
		963B40F52897895B001B7C27 /* Model */ = {
			isa = PBXGroup;
			children = (
				963B40F62897895B001B7C27 /* Song.swift */,
			);
			path = Model;
			sourceTree = "<group>";
		};
		96ACFB042246DBE700C9F2AD = {
			isa = PBXGroup;
			children = (
				963B40D02897895B001B7C27 /* Sources */,
				963B40C62897895B001B7C27 /* Tests */,
				9659768C23BED63000FD3B98 /* README.md */,
				96ACFB0F2246DBE700C9F2AD /* Products */,
				96C79FE325E4CEA7002B57DD /* Frameworks */,
			);
			sourceTree = "<group>";
		};
		96ACFB0F2246DBE700C9F2AD /* Products */ = {
			isa = PBXGroup;
			children = (
				96ACFB0E2246DBE700C9F2AD /* Medi8.framework */,
				96ACFB172246DBE800C9F2AD /* Medi8Tests.xctest */,
			);
			name = Products;
			sourceTree = "<group>";
		};
		96C79FE325E4CEA7002B57DD /* Frameworks */ = {
			isa = PBXGroup;
			children = (
			);
			name = Frameworks;
			sourceTree = "<group>";
		};
/* End PBXGroup section */

/* Begin PBXHeadersBuildPhase section */
		96ACFB092246DBE700C9F2AD /* Headers */ = {
			isa = PBXHeadersBuildPhase;
			buildActionMask = 2147483647;
			files = (
			);
			runOnlyForDeploymentPostprocessing = 0;
		};
/* End PBXHeadersBuildPhase section */

/* Begin PBXNativeTarget section */
		96ACFB0D2246DBE700C9F2AD /* Medi8 */ = {
			isa = PBXNativeTarget;
			buildConfigurationList = 96ACFB222246DBE800C9F2AD /* Build configuration list for PBXNativeTarget "Medi8" */;
			buildPhases = (
				96ACFB092246DBE700C9F2AD /* Headers */,
				96ACFB0A2246DBE700C9F2AD /* Sources */,
				96ACFB0B2246DBE700C9F2AD /* Frameworks */,
				96ACFB0C2246DBE700C9F2AD /* Resources */,
				961366A925DB8FEA009A1627 /* Embed Frameworks */,
			);
			buildRules = (
			);
			dependencies = (
			);
			name = Medi8;
			packageProductDependencies = (
				969EBF9725E89AD90008DE91 /* Stylobate */,
			);
			productName = Medi8;
			productReference = 96ACFB0E2246DBE700C9F2AD /* Medi8.framework */;
			productType = "com.apple.product-type.framework";
		};
		96ACFB162246DBE800C9F2AD /* Medi8Tests */ = {
			isa = PBXNativeTarget;
			buildConfigurationList = 96ACFB252246DBE800C9F2AD /* Build configuration list for PBXNativeTarget "Medi8Tests" */;
			buildPhases = (
				96ACFB132246DBE800C9F2AD /* Sources */,
				96ACFB142246DBE800C9F2AD /* Frameworks */,
				96ACFB152246DBE800C9F2AD /* Resources */,
			);
			buildRules = (
			);
			dependencies = (
				96ACFB1A2246DBE800C9F2AD /* PBXTargetDependency */,
			);
			name = Medi8Tests;
			productName = Medi8Tests;
			productReference = 96ACFB172246DBE800C9F2AD /* Medi8Tests.xctest */;
			productType = "com.apple.product-type.bundle.unit-test";
		};
/* End PBXNativeTarget section */

/* Begin PBXProject section */
		96ACFB052246DBE700C9F2AD /* Project object */ = {
			isa = PBXProject;
			attributes = {
				LastSwiftUpdateCheck = 1010;
				LastUpgradeCheck = 1240;
				ORGANIZATIONNAME = "Poikile Creations";
				TargetAttributes = {
					96ACFB0D2246DBE700C9F2AD = {
						CreatedOnToolsVersion = 10.1;
						LastSwiftMigration = 1020;
					};
					96ACFB162246DBE800C9F2AD = {
						CreatedOnToolsVersion = 10.1;
						LastSwiftMigration = 1020;
					};
				};
			};
			buildConfigurationList = 96ACFB082246DBE700C9F2AD /* Build configuration list for PBXProject "Medi8" */;
			compatibilityVersion = "Xcode 9.3";
			developmentRegion = en;
			hasScannedForEncodings = 0;
			knownRegions = (
				en,
				Base,
			);
			mainGroup = 96ACFB042246DBE700C9F2AD;
			packageReferences = (
				969EBF9625E89AD90008DE91 /* XCRemoteSwiftPackageReference "Stylobate" */,
			);
			productRefGroup = 96ACFB0F2246DBE700C9F2AD /* Products */;
			projectDirPath = "";
			projectRoot = "";
			targets = (
				96ACFB0D2246DBE700C9F2AD /* Medi8 */,
				96ACFB162246DBE800C9F2AD /* Medi8Tests */,
			);
		};
/* End PBXProject section */

/* Begin PBXResourcesBuildPhase section */
		96ACFB0C2246DBE700C9F2AD /* Resources */ = {
			isa = PBXResourcesBuildPhase;
			buildActionMask = 2147483647;
			files = (
			);
			runOnlyForDeploymentPostprocessing = 0;
		};
		96ACFB152246DBE800C9F2AD /* Resources */ = {
			isa = PBXResourcesBuildPhase;
			buildActionMask = 2147483647;
			files = (
				963B4116289789A1001B7C27 /* MockData.json in Resources */,
			);
			runOnlyForDeploymentPostprocessing = 0;
		};
/* End PBXResourcesBuildPhase section */

/* Begin PBXSourcesBuildPhase section */
		96ACFB0A2246DBE700C9F2AD /* Sources */ = {
			isa = PBXSourcesBuildPhase;
			buildActionMask = 2147483647;
			files = (
				963B410628978983001B7C27 /* MasterReleaseExtensions.swift in Sources */,
				963B410728978988001B7C27 /* Medi8.xcdatamodeld in Sources */,
				963B40FA28978978001B7C27 /* MediaPlayerObservation.swift in Sources */,
				963B41092897898F001B7C27 /* MediaPlayerLibrary-iOS.swift in Sources */,
				963B410328978983001B7C27 /* HasName.swift in Sources */,
				963B410A2897898F001B7C27 /* MPMusicPlayerControllerExtensions.swift in Sources */,
				963B40FB28978978001B7C27 /* MediaPlayer.swift in Sources */,
				963B40FE28978983001B7C27 /* Medi8PersistentContainer.swift in Sources */,
				963B40F928978978001B7C27 /* MediaLibrary.swift in Sources */,
				963B410D2897898F001B7C27 /* MediaPlayerImporter.swift in Sources */,
				963B410E28978992001B7C27 /* Song.swift in Sources */,
				963B40FC28978978001B7C27 /* MockMediaLibrary.swift in Sources */,
				963B40F828978978001B7C27 /* MockMediaPlayer.swift in Sources */,
				963B410C2897898F001B7C27 /* MPMediaItemExtensions.swift in Sources */,
				963B410028978983001B7C27 /* HasTitle.swift in Sources */,
				963B410228978983001B7C27 /* ReleaseVersionExtensions.swift in Sources */,
				963B41082897898F001B7C27 /* MPMediaItemCollectionExtensions.swift in Sources */,
				963B40FD28978983001B7C27 /* PlaylistExtensions.swift in Sources */,
				963B410B2897898F001B7C27 /* MPMediaPlayerObservation.swift in Sources */,
				963B410428978983001B7C27 /* ArtistExtensions.swift in Sources */,
				963B410128978983001B7C27 /* SongExtensions.swift in Sources */,
				963B410F28978995001B7C27 /* Medi8.swift in Sources */,
				963B40FF28978983001B7C27 /* Medi8Importer.swift in Sources */,
				963B410528978983001B7C27 /* HasArtists.swift in Sources */,
			);
			runOnlyForDeploymentPostprocessing = 0;
		};
		96ACFB132246DBE800C9F2AD /* Sources */ = {
			isa = PBXSourcesBuildPhase;
			buildActionMask = 2147483647;
			files = (
				963B4115289789A1001B7C27 /* MediaLibraryTests.swift in Sources */,
				963B4113289789A1001B7C27 /* FetchingTestBase.swift in Sources */,
				963B4110289789A1001B7C27 /* MockMedi8ImporterTests.swift in Sources */,
				963B4112289789A1001B7C27 /* MockData.swift in Sources */,
				963B4111289789A1001B7C27 /* MockMedi8Importer.swift in Sources */,
				963B4114289789A1001B7C27 /* Medi8Tests.swift in Sources */,
			);
			runOnlyForDeploymentPostprocessing = 0;
		};
/* End PBXSourcesBuildPhase section */

/* Begin PBXTargetDependency section */
		96ACFB1A2246DBE800C9F2AD /* PBXTargetDependency */ = {
			isa = PBXTargetDependency;
			target = 96ACFB0D2246DBE700C9F2AD /* Medi8 */;
			targetProxy = 96ACFB192246DBE800C9F2AD /* PBXContainerItemProxy */;
		};
/* End PBXTargetDependency section */

/* Begin XCBuildConfiguration section */
		96ACFB202246DBE800C9F2AD /* Debug */ = {
			isa = XCBuildConfiguration;
			buildSettings = {
				ALWAYS_SEARCH_USER_PATHS = NO;
				CLANG_ANALYZER_NONNULL = YES;
				CLANG_ANALYZER_NUMBER_OBJECT_CONVERSION = YES_AGGRESSIVE;
				CLANG_CXX_LANGUAGE_STANDARD = "gnu++14";
				CLANG_CXX_LIBRARY = "libc++";
				CLANG_ENABLE_MODULES = YES;
				CLANG_ENABLE_OBJC_ARC = YES;
				CLANG_ENABLE_OBJC_WEAK = YES;
				CLANG_WARN_BLOCK_CAPTURE_AUTORELEASING = YES;
				CLANG_WARN_BOOL_CONVERSION = YES;
				CLANG_WARN_COMMA = YES;
				CLANG_WARN_CONSTANT_CONVERSION = YES;
				CLANG_WARN_DEPRECATED_OBJC_IMPLEMENTATIONS = YES;
				CLANG_WARN_DIRECT_OBJC_ISA_USAGE = YES_ERROR;
				CLANG_WARN_DOCUMENTATION_COMMENTS = YES;
				CLANG_WARN_EMPTY_BODY = YES;
				CLANG_WARN_ENUM_CONVERSION = YES;
				CLANG_WARN_INFINITE_RECURSION = YES;
				CLANG_WARN_INT_CONVERSION = YES;
				CLANG_WARN_NON_LITERAL_NULL_CONVERSION = YES;
				CLANG_WARN_OBJC_IMPLICIT_RETAIN_SELF = YES;
				CLANG_WARN_OBJC_LITERAL_CONVERSION = YES;
				CLANG_WARN_OBJC_ROOT_CLASS = YES_ERROR;
				CLANG_WARN_QUOTED_INCLUDE_IN_FRAMEWORK_HEADER = YES;
				CLANG_WARN_RANGE_LOOP_ANALYSIS = YES;
				CLANG_WARN_STRICT_PROTOTYPES = YES;
				CLANG_WARN_SUSPICIOUS_MOVE = YES;
				CLANG_WARN_UNGUARDED_AVAILABILITY = YES_AGGRESSIVE;
				CLANG_WARN_UNREACHABLE_CODE = YES;
				CLANG_WARN__DUPLICATE_METHOD_MATCH = YES;
				CODE_SIGN_IDENTITY = "iPhone Developer";
				COPY_PHASE_STRIP = NO;
				CURRENT_PROJECT_VERSION = 1;
				DEBUG_INFORMATION_FORMAT = dwarf;
				ENABLE_STRICT_OBJC_MSGSEND = YES;
				ENABLE_TESTABILITY = YES;
				GCC_C_LANGUAGE_STANDARD = gnu11;
				GCC_DYNAMIC_NO_PIC = NO;
				GCC_NO_COMMON_BLOCKS = YES;
				GCC_OPTIMIZATION_LEVEL = 0;
				GCC_PREPROCESSOR_DEFINITIONS = (
					"DEBUG=1",
					"$(inherited)",
				);
				GCC_WARN_64_TO_32_BIT_CONVERSION = YES;
				GCC_WARN_ABOUT_RETURN_TYPE = YES_ERROR;
				GCC_WARN_UNDECLARED_SELECTOR = YES;
				GCC_WARN_UNINITIALIZED_AUTOS = YES_AGGRESSIVE;
				GCC_WARN_UNUSED_FUNCTION = YES;
				GCC_WARN_UNUSED_VARIABLE = YES;
				IPHONEOS_DEPLOYMENT_TARGET = 14.1;
				MTL_ENABLE_DEBUG_INFO = INCLUDE_SOURCE;
				MTL_FAST_MATH = YES;
				ONLY_ACTIVE_ARCH = YES;
				SDKROOT = iphoneos;
				SWIFT_ACTIVE_COMPILATION_CONDITIONS = DEBUG;
				SWIFT_OPTIMIZATION_LEVEL = "-Onone";
				SWIFT_VERSION = 5.0;
				VERSIONING_SYSTEM = "apple-generic";
				VERSION_INFO_PREFIX = "";
			};
			name = Debug;
		};
		96ACFB212246DBE800C9F2AD /* Release */ = {
			isa = XCBuildConfiguration;
			buildSettings = {
				ALWAYS_SEARCH_USER_PATHS = NO;
				CLANG_ANALYZER_NONNULL = YES;
				CLANG_ANALYZER_NUMBER_OBJECT_CONVERSION = YES_AGGRESSIVE;
				CLANG_CXX_LANGUAGE_STANDARD = "gnu++14";
				CLANG_CXX_LIBRARY = "libc++";
				CLANG_ENABLE_MODULES = YES;
				CLANG_ENABLE_OBJC_ARC = YES;
				CLANG_ENABLE_OBJC_WEAK = YES;
				CLANG_WARN_BLOCK_CAPTURE_AUTORELEASING = YES;
				CLANG_WARN_BOOL_CONVERSION = YES;
				CLANG_WARN_COMMA = YES;
				CLANG_WARN_CONSTANT_CONVERSION = YES;
				CLANG_WARN_DEPRECATED_OBJC_IMPLEMENTATIONS = YES;
				CLANG_WARN_DIRECT_OBJC_ISA_USAGE = YES_ERROR;
				CLANG_WARN_DOCUMENTATION_COMMENTS = YES;
				CLANG_WARN_EMPTY_BODY = YES;
				CLANG_WARN_ENUM_CONVERSION = YES;
				CLANG_WARN_INFINITE_RECURSION = YES;
				CLANG_WARN_INT_CONVERSION = YES;
				CLANG_WARN_NON_LITERAL_NULL_CONVERSION = YES;
				CLANG_WARN_OBJC_IMPLICIT_RETAIN_SELF = YES;
				CLANG_WARN_OBJC_LITERAL_CONVERSION = YES;
				CLANG_WARN_OBJC_ROOT_CLASS = YES_ERROR;
				CLANG_WARN_QUOTED_INCLUDE_IN_FRAMEWORK_HEADER = YES;
				CLANG_WARN_RANGE_LOOP_ANALYSIS = YES;
				CLANG_WARN_STRICT_PROTOTYPES = YES;
				CLANG_WARN_SUSPICIOUS_MOVE = YES;
				CLANG_WARN_UNGUARDED_AVAILABILITY = YES_AGGRESSIVE;
				CLANG_WARN_UNREACHABLE_CODE = YES;
				CLANG_WARN__DUPLICATE_METHOD_MATCH = YES;
				CODE_SIGN_IDENTITY = "iPhone Developer";
				COPY_PHASE_STRIP = NO;
				CURRENT_PROJECT_VERSION = 1;
				DEBUG_INFORMATION_FORMAT = "dwarf-with-dsym";
				ENABLE_NS_ASSERTIONS = NO;
				ENABLE_STRICT_OBJC_MSGSEND = YES;
				GCC_C_LANGUAGE_STANDARD = gnu11;
				GCC_NO_COMMON_BLOCKS = YES;
				GCC_WARN_64_TO_32_BIT_CONVERSION = YES;
				GCC_WARN_ABOUT_RETURN_TYPE = YES_ERROR;
				GCC_WARN_UNDECLARED_SELECTOR = YES;
				GCC_WARN_UNINITIALIZED_AUTOS = YES_AGGRESSIVE;
				GCC_WARN_UNUSED_FUNCTION = YES;
				GCC_WARN_UNUSED_VARIABLE = YES;
				IPHONEOS_DEPLOYMENT_TARGET = 14.1;
				MTL_ENABLE_DEBUG_INFO = NO;
				MTL_FAST_MATH = YES;
				SDKROOT = iphoneos;
				SWIFT_COMPILATION_MODE = wholemodule;
				SWIFT_OPTIMIZATION_LEVEL = "-O";
				SWIFT_VERSION = 5.0;
				VALIDATE_PRODUCT = YES;
				VERSIONING_SYSTEM = "apple-generic";
				VERSION_INFO_PREFIX = "";
			};
			name = Release;
		};
		96ACFB232246DBE800C9F2AD /* Debug */ = {
			isa = XCBuildConfiguration;
			buildSettings = {
				CODE_SIGN_IDENTITY = "";
				CODE_SIGN_STYLE = Automatic;
				DEFINES_MODULE = YES;
				DEVELOPMENT_TEAM = 3MY7LL9G36;
				DYLIB_COMPATIBILITY_VERSION = 1;
				DYLIB_CURRENT_VERSION = 1;
				DYLIB_INSTALL_NAME_BASE = "@rpath";
				FRAMEWORK_SEARCH_PATHS = "$(inherited)";
				INFOPLIST_FILE = Sources/Info.plist;
				INSTALL_PATH = "$(LOCAL_LIBRARY_DIR)/Frameworks";
				IPHONEOS_DEPLOYMENT_TARGET = 14.1;
				"IPHONEOS_DEPLOYMENT_TARGET[sdk=macosx*]" = 14.3;
				LD_RUNPATH_SEARCH_PATHS = (
					"$(inherited)",
					"@executable_path/Frameworks",
					"@loader_path/Frameworks",
				);
				MARKETING_VERSION = 0.3.0;
				PRODUCT_BUNDLE_IDENTIFIER = net.poikile.Medi8;
				PRODUCT_NAME = "$(TARGET_NAME:c99extidentifier)";
				SKIP_INSTALL = YES;
				SWIFT_VERSION = 5.0;
				TARGETED_DEVICE_FAMILY = "1,2";
			};
			name = Debug;
		};
		96ACFB242246DBE800C9F2AD /* Release */ = {
			isa = XCBuildConfiguration;
			buildSettings = {
				CODE_SIGN_IDENTITY = "";
				CODE_SIGN_STYLE = Automatic;
				DEFINES_MODULE = YES;
				DEVELOPMENT_TEAM = 3MY7LL9G36;
				DYLIB_COMPATIBILITY_VERSION = 1;
				DYLIB_CURRENT_VERSION = 1;
				DYLIB_INSTALL_NAME_BASE = "@rpath";
				FRAMEWORK_SEARCH_PATHS = "$(inherited)";
				INFOPLIST_FILE = Sources/Info.plist;
				INSTALL_PATH = "$(LOCAL_LIBRARY_DIR)/Frameworks";
				IPHONEOS_DEPLOYMENT_TARGET = 14.1;
				"IPHONEOS_DEPLOYMENT_TARGET[sdk=macosx*]" = 14.3;
				LD_RUNPATH_SEARCH_PATHS = (
					"$(inherited)",
					"@executable_path/Frameworks",
					"@loader_path/Frameworks",
				);
				MARKETING_VERSION = 0.3.0;
				PRODUCT_BUNDLE_IDENTIFIER = net.poikile.Medi8;
				PRODUCT_NAME = "$(TARGET_NAME:c99extidentifier)";
				SKIP_INSTALL = YES;
				SWIFT_VERSION = 5.0;
				TARGETED_DEVICE_FAMILY = "1,2";
			};
			name = Release;
		};
		96ACFB262246DBE800C9F2AD /* Debug */ = {
			isa = XCBuildConfiguration;
			buildSettings = {
				ALWAYS_EMBED_SWIFT_STANDARD_LIBRARIES = YES;
				CODE_SIGN_STYLE = Automatic;
				DEVELOPMENT_TEAM = 3MY7LL9G36;
				INFOPLIST_FILE = Tests/Info.plist;
				LD_RUNPATH_SEARCH_PATHS = (
					"$(inherited)",
					"@executable_path/Frameworks",
					"@loader_path/Frameworks",
					"$(PROJECT_DIR)/Carthage/Build/iOS",
				);
				PRODUCT_BUNDLE_IDENTIFIER = net.poikile.Medi8Tests;
				PRODUCT_NAME = "$(TARGET_NAME)";
				SWIFT_VERSION = 5.0;
				TARGETED_DEVICE_FAMILY = "1,2";
			};
			name = Debug;
		};
		96ACFB272246DBE800C9F2AD /* Release */ = {
			isa = XCBuildConfiguration;
			buildSettings = {
				ALWAYS_EMBED_SWIFT_STANDARD_LIBRARIES = YES;
				CODE_SIGN_STYLE = Automatic;
				DEVELOPMENT_TEAM = 3MY7LL9G36;
				INFOPLIST_FILE = Tests/Info.plist;
				LD_RUNPATH_SEARCH_PATHS = (
					"$(inherited)",
					"@executable_path/Frameworks",
					"@loader_path/Frameworks",
					"$(PROJECT_DIR)/Carthage/Build/iOS",
				);
				PRODUCT_BUNDLE_IDENTIFIER = net.poikile.Medi8Tests;
				PRODUCT_NAME = "$(TARGET_NAME)";
				SWIFT_VERSION = 5.0;
				TARGETED_DEVICE_FAMILY = "1,2";
			};
			name = Release;
		};
/* End XCBuildConfiguration section */

/* Begin XCConfigurationList section */
		96ACFB082246DBE700C9F2AD /* Build configuration list for PBXProject "Medi8" */ = {
			isa = XCConfigurationList;
			buildConfigurations = (
				96ACFB202246DBE800C9F2AD /* Debug */,
				96ACFB212246DBE800C9F2AD /* Release */,
			);
			defaultConfigurationIsVisible = 0;
			defaultConfigurationName = Release;
		};
		96ACFB222246DBE800C9F2AD /* Build configuration list for PBXNativeTarget "Medi8" */ = {
			isa = XCConfigurationList;
			buildConfigurations = (
				96ACFB232246DBE800C9F2AD /* Debug */,
				96ACFB242246DBE800C9F2AD /* Release */,
			);
			defaultConfigurationIsVisible = 0;
			defaultConfigurationName = Release;
		};
		96ACFB252246DBE800C9F2AD /* Build configuration list for PBXNativeTarget "Medi8Tests" */ = {
			isa = XCConfigurationList;
			buildConfigurations = (
				96ACFB262246DBE800C9F2AD /* Debug */,
				96ACFB272246DBE800C9F2AD /* Release */,
			);
			defaultConfigurationIsVisible = 0;
			defaultConfigurationName = Release;
		};
/* End XCConfigurationList section */

/* Begin XCRemoteSwiftPackageReference section */
		969EBF9625E89AD90008DE91 /* XCRemoteSwiftPackageReference "Stylobate" */ = {
			isa = XCRemoteSwiftPackageReference;
			repositoryURL = "https://github.com/jrtibbetts/Stylobate";
			requirement = {
				kind = upToNextMinorVersion;
				minimumVersion = 0.34.0;
			};
		};
/* End XCRemoteSwiftPackageReference section */

/* Begin XCSwiftPackageProductDependency section */
		969EBF9725E89AD90008DE91 /* Stylobate */ = {
			isa = XCSwiftPackageProductDependency;
			package = 969EBF9625E89AD90008DE91 /* XCRemoteSwiftPackageReference "Stylobate" */;
			productName = Stylobate;
		};
/* End XCSwiftPackageProductDependency section */

/* Begin XCVersionGroup section */
		963B40DC2897895B001B7C27 /* Medi8.xcdatamodeld */ = {
			isa = XCVersionGroup;
			children = (
				963B40DD2897895B001B7C27 /* Immediate.xcdatamodel */,
				963B40DE2897895B001B7C27 /* string mediaIds.xcdatamodel */,
				963B40DF2897895B001B7C27 /* MergedFromCloisimis.xcdatamodel */,
				963B40E02897895B001B7C27 /* Immediate 2.xcdatamodel */,
				963B40E12897895B001B7C27 /* Medi8.xcdatamodel */,
			);
			currentVersion = 963B40DE2897895B001B7C27 /* string mediaIds.xcdatamodel */;
			path = Medi8.xcdatamodeld;
			sourceTree = "<group>";
			versionGroupType = wrapper.xcdatamodel;
		};
/* End XCVersionGroup section */
	};
	rootObject = 96ACFB052246DBE700C9F2AD /* Project object */;
}
