{
  "object": {
    "pins": [
      {
        "package": "Stylobate",
        "repositoryURL": "https://github.com/jrtibbetts/Stylobate",
        "state": {
          "branch": "bug/015-fix-swiftlint-crap",
          "revision": "c4cdcf9a084a4d6910c9ed44babc089fcb9c5bb4",
          "version": null
        }
      }
    ]
  },
  "version": 1
}
