{
  "object": {
    "pins": [
      {
        "package": "Stylobate",
        "repositoryURL": "https://github.com/jrtibbetts/Stylobate",
        "state": {
          "branch": null,
          "revision": "97cdb2b8f135e8692a74eaa3a0414532d893c231",
          "version": "0.27.5"
        }
      }
    ]
  },
  "version": 1
}
